{
  "version": 4,
  "terraform_version": "1.3.5",
  "serial": 21,
  "lineage": "c333710b-1591-0b79-d35e-16ceeb453021",
  "outputs": {},
  "resources": [
    {
      "mode": "managed",
      "type": "azurerm_availability_set",
      "name": "Tarun-AS1",
      "provider": "provider[\"registry.terraform.io/hashicorp/azurerm\"]",
      "instances": [
        {
          "schema_version": 0,
          "attributes": {
            "id": "/subscriptions/108d3ac6-0908-4ce2-9c56-97e9fc7745df/resourceGroups/Tarun-VM1/providers/Microsoft.Compute/availabilitySets/Tarun-AS1",
            "location": "uksouth",
            "managed": true,
            "name": "Tarun-AS1",
            "platform_fault_domain_count": 2,
            "platform_update_domain_count": 2,
            "proximity_placement_group_id": null,
            "resource_group_name": "Tarun-VM1",
            "tags": {},
            "timeouts": null
          },
          "sensitive_attributes": [],
          "private": "eyJlMmJmYjczMC1lY2FhLTExZTYtOGY4OC0zNDM2M2JjN2M0YzAiOnsiY3JlYXRlIjoxODAwMDAwMDAwMDAwLCJkZWxldGUiOjE4MDAwMDAwMDAwMDAsInJlYWQiOjMwMDAwMDAwMDAwMCwidXBkYXRlIjoxODAwMDAwMDAwMDAwfX0=",
          "dependencies": [
            "azurerm_resource_group.Tarun-VM1"
          ]
        }
      ]
    },
    {
      "mode": "managed",
      "type": "azurerm_managed_disk",
      "name": "Tarun-VM-SG1",
      "provider": "provider[\"registry.terraform.io/hashicorp/azurerm\"]",
      "instances": [
        {
          "schema_version": 1,
          "attributes": {
            "create_option": "Empty",
            "disk_access_id": "",
            "disk_encryption_set_id": "",
            "disk_iops_read_only": 0,
            "disk_iops_read_write": 500,
            "disk_mbps_read_only": 0,
            "disk_mbps_read_write": 60,
            "disk_size_gb": 8,
            "edge_zone": "",
            "encryption_settings": [],
            "gallery_image_reference_id": "",
            "hyper_v_generation": "",
            "id": "/subscriptions/108d3ac6-0908-4ce2-9c56-97e9fc7745df/resourceGroups/Tarun-VM1/providers/Microsoft.Compute/disks/Tarun-VM-SG1",
            "image_reference_id": "",
            "location": "uksouth",
            "logical_sector_size": null,
            "max_shares": 0,
            "name": "Tarun-VM-SG1",
            "network_access_policy": null,
            "on_demand_bursting_enabled": false,
            "os_type": "",
            "public_network_access_enabled": true,
            "resource_group_name": "Tarun-VM1",
            "secure_vm_disk_encryption_set_id": "",
            "security_type": "",
            "source_resource_id": "",
            "source_uri": "",
            "storage_account_id": "",
            "storage_account_type": "Standard_LRS",
            "tags": {},
            "tier": "",
            "timeouts": null,
            "trusted_launch_enabled": false,
            "upload_size_bytes": 0,
            "zone": ""
          },
          "sensitive_attributes": [],
          "private": "eyJlMmJmYjczMC1lY2FhLTExZTYtOGY4OC0zNDM2M2JjN2M0YzAiOnsiY3JlYXRlIjoxODAwMDAwMDAwMDAwLCJkZWxldGUiOjE4MDAwMDAwMDAwMDAsInJlYWQiOjMwMDAwMDAwMDAwMCwidXBkYXRlIjoxODAwMDAwMDAwMDAwfSwic2NoZW1hX3ZlcnNpb24iOiIxIn0=",
          "dependencies": [
            "azurerm_resource_group.Tarun-VM1"
          ]
        }
      ]
    },
    {
      "mode": "managed",
      "type": "azurerm_network_interface",
      "name": "Tarun-NI1",
      "provider": "provider[\"registry.terraform.io/hashicorp/azurerm\"]",
      "instances": [
        {
          "schema_version": 0,
          "attributes": {
            "applied_dns_servers": [],
            "dns_servers": [],
            "edge_zone": "",
            "enable_accelerated_networking": false,
            "enable_ip_forwarding": false,
            "id": "/subscriptions/108d3ac6-0908-4ce2-9c56-97e9fc7745df/resourceGroups/Tarun-VM1/providers/Microsoft.Network/networkInterfaces/Tarun-NI1",
            "internal_dns_name_label": "",
            "internal_domain_name_suffix": "qbnkozr1n11ehd4u5fosnkahba.zx.internal.cloudapp.net",
            "ip_configuration": [
              {
                "gateway_load_balancer_frontend_ip_configuration_id": "",
                "name": "Tarun-IP1",
                "primary": true,
                "private_ip_address": "10.0.2.4",
                "private_ip_address_allocation": "Dynamic",
                "private_ip_address_version": "IPv4",
                "public_ip_address_id": "/subscriptions/108d3ac6-0908-4ce2-9c56-97e9fc7745df/resourceGroups/Tarun-VM1/providers/Microsoft.Network/publicIPAddresses/Tarun-PIP1",
                "subnet_id": "/subscriptions/108d3ac6-0908-4ce2-9c56-97e9fc7745df/resourceGroups/Tarun-VM1/providers/Microsoft.Network/virtualNetworks/Tarun-VN1/subnets/Tarun-SN1"
              }
            ],
            "location": "uksouth",
            "mac_address": "00-22-48-07-4B-51",
            "name": "Tarun-NI1",
            "private_ip_address": "10.0.2.4",
            "private_ip_addresses": [
              "10.0.2.4"
            ],
            "resource_group_name": "Tarun-VM1",
            "tags": {},
            "timeouts": null,
            "virtual_machine_id": "/subscriptions/108d3ac6-0908-4ce2-9c56-97e9fc7745df/resourceGroups/Tarun-VM1/providers/Microsoft.Compute/virtualMachines/Tarun-WVM1"
          },
          "sensitive_attributes": [],
          "private": "eyJlMmJmYjczMC1lY2FhLTExZTYtOGY4OC0zNDM2M2JjN2M0YzAiOnsiY3JlYXRlIjoxODAwMDAwMDAwMDAwLCJkZWxldGUiOjE4MDAwMDAwMDAwMDAsInJlYWQiOjMwMDAwMDAwMDAwMCwidXBkYXRlIjoxODAwMDAwMDAwMDAwfX0=",
          "dependencies": [
            "azurerm_public_ip.Tarun-PIP1",
            "azurerm_resource_group.Tarun-VM1",
            "azurerm_subnet.Tarun-SN1",
            "azurerm_virtual_network.Tarun-VN1"
          ]
        }
      ]
    },
    {
      "mode": "managed",
      "type": "azurerm_public_ip",
      "name": "Tarun-PIP1",
      "provider": "provider[\"registry.terraform.io/hashicorp/azurerm\"]",
      "instances": [
        {
          "schema_version": 0,
          "attributes": {
            "allocation_method": "Static",
            "ddos_protection_mode": "VirtualNetworkInherited",
            "ddos_protection_plan_id": null,
            "domain_name_label": null,
            "edge_zone": "",
            "fqdn": null,
            "id": "/subscriptions/108d3ac6-0908-4ce2-9c56-97e9fc7745df/resourceGroups/Tarun-VM1/providers/Microsoft.Network/publicIPAddresses/Tarun-PIP1",
            "idle_timeout_in_minutes": 4,
            "ip_address": "20.117.100.65",
            "ip_tags": {},
            "ip_version": "IPv4",
            "location": "uksouth",
            "name": "Tarun-PIP1",
            "public_ip_prefix_id": null,
            "resource_group_name": "Tarun-VM1",
            "reverse_fqdn": null,
            "sku": "Basic",
            "sku_tier": "Regional",
            "tags": {
              "environment": "Production"
            },
            "timeouts": null,
            "zones": []
          },
          "sensitive_attributes": [],
          "private": "eyJlMmJmYjczMC1lY2FhLTExZTYtOGY4OC0zNDM2M2JjN2M0YzAiOnsiY3JlYXRlIjoxODAwMDAwMDAwMDAwLCJkZWxldGUiOjE4MDAwMDAwMDAwMDAsInJlYWQiOjMwMDAwMDAwMDAwMCwidXBkYXRlIjoxODAwMDAwMDAwMDAwfX0=",
          "dependencies": [
            "azurerm_resource_group.Tarun-VM1"
          ]
        }
      ]
    },
    {
      "mode": "managed",
      "type": "azurerm_resource_group",
      "name": "Tarun-VM1",
      "provider": "provider[\"registry.terraform.io/hashicorp/azurerm\"]",
      "instances": [
        {
          "schema_version": 0,
          "attributes": {
            "id": "/subscriptions/108d3ac6-0908-4ce2-9c56-97e9fc7745df/resourceGroups/Tarun-VM1",
            "location": "uksouth",
            "name": "Tarun-VM1",
            "tags": {},
            "timeouts": null
          },
          "sensitive_attributes": [],
          "private": "eyJlMmJmYjczMC1lY2FhLTExZTYtOGY4OC0zNDM2M2JjN2M0YzAiOnsiY3JlYXRlIjo1NDAwMDAwMDAwMDAwLCJkZWxldGUiOjU0MDAwMDAwMDAwMDAsInJlYWQiOjMwMDAwMDAwMDAwMCwidXBkYXRlIjo1NDAwMDAwMDAwMDAwfX0="
        }
      ]
    },
    {
      "mode": "managed",
      "type": "azurerm_storage_account",
      "name": "SG1",
      "provider": "provider[\"registry.terraform.io/hashicorp/azurerm\"]",
      "instances": [
        {
          "schema_version": 3,
          "attributes": {
            "access_tier": "Hot",
            "account_kind": "StorageV2",
            "account_replication_type": "LRS",
            "account_tier": "Standard",
            "allow_nested_items_to_be_public": true,
            "azure_files_authentication": [],
            "blob_properties": [
              {
                "change_feed_enabled": false,
                "change_feed_retention_in_days": 0,
                "container_delete_retention_policy": [],
                "cors_rule": [],
                "default_service_version": "",
                "delete_retention_policy": [],
                "last_access_time_enabled": false,
                "restore_policy": [],
                "versioning_enabled": false
              }
            ],
            "cross_tenant_replication_enabled": true,
            "custom_domain": [],
            "customer_managed_key": [],
            "default_to_oauth_authentication": false,
            "edge_zone": "",
            "enable_https_traffic_only": true,
            "id": "/subscriptions/108d3ac6-0908-4ce2-9c56-97e9fc7745df/resourceGroups/Tarun-VM1/providers/Microsoft.Storage/storageAccounts/wvmstorageaccount1",
            "identity": [],
            "immutability_policy": [],
            "infrastructure_encryption_enabled": false,
            "is_hns_enabled": false,
            "large_file_share_enabled": null,
            "location": "uksouth",
            "min_tls_version": "TLS1_2",
            "name": "wvmstorageaccount1",
            "network_rules": [
              {
                "bypass": [
                  "AzureServices"
                ],
                "default_action": "Allow",
                "ip_rules": [],
                "private_link_access": [],
                "virtual_network_subnet_ids": []
              }
            ],
            "nfsv3_enabled": false,
            "primary_access_key": "dTwwE/LxJB04l+vOhWk0svg1f4UpiH+WKOiFjgTwVlBGF6gtrppIlPUN/OI9vQluyZzGbkTDlKc/+ASt8VIt0g==",
            "primary_blob_connection_string": "DefaultEndpointsProtocol=https;BlobEndpoint=https://wvmstorageaccount1.blob.core.windows.net/;AccountName=wvmstorageaccount1;AccountKey=dTwwE/LxJB04l+vOhWk0svg1f4UpiH+WKOiFjgTwVlBGF6gtrppIlPUN/OI9vQluyZzGbkTDlKc/+ASt8VIt0g==",
            "primary_blob_endpoint": "https://wvmstorageaccount1.blob.core.windows.net/",
            "primary_blob_host": "wvmstorageaccount1.blob.core.windows.net",
            "primary_connection_string": "DefaultEndpointsProtocol=https;AccountName=wvmstorageaccount1;AccountKey=dTwwE/LxJB04l+vOhWk0svg1f4UpiH+WKOiFjgTwVlBGF6gtrppIlPUN/OI9vQluyZzGbkTDlKc/+ASt8VIt0g==;EndpointSuffix=core.windows.net",
            "primary_dfs_endpoint": "https://wvmstorageaccount1.dfs.core.windows.net/",
            "primary_dfs_host": "wvmstorageaccount1.dfs.core.windows.net",
            "primary_file_endpoint": "https://wvmstorageaccount1.file.core.windows.net/",
            "primary_file_host": "wvmstorageaccount1.file.core.windows.net",
            "primary_location": "uksouth",
            "primary_queue_endpoint": "https://wvmstorageaccount1.queue.core.windows.net/",
            "primary_queue_host": "wvmstorageaccount1.queue.core.windows.net",
            "primary_table_endpoint": "https://wvmstorageaccount1.table.core.windows.net/",
            "primary_table_host": "wvmstorageaccount1.table.core.windows.net",
            "primary_web_endpoint": "https://wvmstorageaccount1.z33.web.core.windows.net/",
            "primary_web_host": "wvmstorageaccount1.z33.web.core.windows.net",
            "public_network_access_enabled": true,
            "queue_encryption_key_type": "Service",
            "queue_properties": [
              {
                "cors_rule": [],
                "hour_metrics": [
                  {
                    "enabled": true,
                    "include_apis": true,
                    "retention_policy_days": 7,
                    "version": "1.0"
                  }
                ],
                "logging": [
                  {
                    "delete": false,
                    "read": false,
                    "retention_policy_days": 0,
                    "version": "1.0",
                    "write": false
                  }
                ],
                "minute_metrics": [
                  {
                    "enabled": false,
                    "include_apis": false,
                    "retention_policy_days": 0,
                    "version": "1.0"
                  }
                ]
              }
            ],
            "resource_group_name": "Tarun-VM1",
            "routing": [],
            "sas_policy": [],
            "secondary_access_key": "PomsoV1keI+lb3T45TUp2H+fnhWp+uPxhcLxIEEwKKSP40Z8YJKo1C67yVq15xgolV2jVGrRw20c+AStar/Q3g==",
            "secondary_blob_connection_string": "",
            "secondary_blob_endpoint": null,
            "secondary_blob_host": null,
            "secondary_connection_string": "DefaultEndpointsProtocol=https;AccountName=wvmstorageaccount1;AccountKey=PomsoV1keI+lb3T45TUp2H+fnhWp+uPxhcLxIEEwKKSP40Z8YJKo1C67yVq15xgolV2jVGrRw20c+AStar/Q3g==;EndpointSuffix=core.windows.net",
            "secondary_dfs_endpoint": null,
            "secondary_dfs_host": null,
            "secondary_file_endpoint": null,
            "secondary_file_host": null,
            "secondary_location": "",
            "secondary_queue_endpoint": null,
            "secondary_queue_host": null,
            "secondary_table_endpoint": null,
            "secondary_table_host": null,
            "secondary_web_endpoint": null,
            "secondary_web_host": null,
            "sftp_enabled": false,
            "share_properties": [
              {
                "cors_rule": [],
                "retention_policy": [
                  {
                    "days": 7
                  }
                ],
                "smb": []
              }
            ],
            "shared_access_key_enabled": true,
            "static_website": [],
            "table_encryption_key_type": "Service",
            "tags": {},
            "timeouts": null
          },
          "sensitive_attributes": [],
          "private": "eyJlMmJmYjczMC1lY2FhLTExZTYtOGY4OC0zNDM2M2JjN2M0YzAiOnsiY3JlYXRlIjozNjAwMDAwMDAwMDAwLCJkZWxldGUiOjM2MDAwMDAwMDAwMDAsInJlYWQiOjMwMDAwMDAwMDAwMCwidXBkYXRlIjozNjAwMDAwMDAwMDAwfSwic2NoZW1hX3ZlcnNpb24iOiIzIn0=",
          "dependencies": [
            "azurerm_resource_group.Tarun-VM1"
          ]
        }
      ]
    },
    {
      "mode": "managed",
      "type": "azurerm_storage_blob",
      "name": "BL1",
      "provider": "provider[\"registry.terraform.io/hashicorp/azurerm\"]",
      "instances": [
        {
          "schema_version": 1,
          "attributes": {
            "access_tier": "Hot",
            "cache_control": "",
            "content_md5": "",
            "content_type": "application/octet-stream",
            "id": "https://wvmstorageaccount1.blob.core.windows.net/container1/IIS_Config.ps1",
            "metadata": {},
            "name": "IIS_Config.ps1",
            "parallelism": 8,
            "size": 0,
            "source": "IIS_Config.ps1",
            "source_content": null,
            "source_uri": null,
            "storage_account_name": "wvmstorageaccount1",
            "storage_container_name": "container1",
            "timeouts": null,
            "type": "Block",
            "url": "https://wvmstorageaccount1.blob.core.windows.net/container1/IIS_Config.ps1"
          },
          "sensitive_attributes": [],
          "private": "eyJlMmJmYjczMC1lY2FhLTExZTYtOGY4OC0zNDM2M2JjN2M0YzAiOnsiY3JlYXRlIjoxODAwMDAwMDAwMDAwLCJkZWxldGUiOjE4MDAwMDAwMDAwMDAsInJlYWQiOjMwMDAwMDAwMDAwMCwidXBkYXRlIjoxODAwMDAwMDAwMDAwfSwic2NoZW1hX3ZlcnNpb24iOiIxIn0=",
          "dependencies": [
            "azurerm_resource_group.Tarun-VM1",
            "azurerm_storage_account.SG1",
            "azurerm_storage_container.CN1"
          ]
        }
      ]
    },
    {
      "mode": "managed",
      "type": "azurerm_storage_container",
      "name": "CN1",
      "provider": "provider[\"registry.terraform.io/hashicorp/azurerm\"]",
      "instances": [
        {
          "schema_version": 1,
          "attributes": {
            "container_access_type": "blob",
            "has_immutability_policy": false,
            "has_legal_hold": false,
            "id": "https://wvmstorageaccount1.blob.core.windows.net/container1",
            "metadata": {},
            "name": "container1",
            "resource_manager_id": "/subscriptions/108d3ac6-0908-4ce2-9c56-97e9fc7745df/resourceGroups/Tarun-VM1/providers/Microsoft.Storage/storageAccounts/wvmstorageaccount1/blobServices/default/containers/container1",
            "storage_account_name": "wvmstorageaccount1",
            "timeouts": null
          },
          "sensitive_attributes": [],
          "private": "eyJlMmJmYjczMC1lY2FhLTExZTYtOGY4OC0zNDM2M2JjN2M0YzAiOnsiY3JlYXRlIjoxODAwMDAwMDAwMDAwLCJkZWxldGUiOjE4MDAwMDAwMDAwMDAsInJlYWQiOjMwMDAwMDAwMDAwMCwidXBkYXRlIjoxODAwMDAwMDAwMDAwfSwic2NoZW1hX3ZlcnNpb24iOiIxIn0=",
          "dependencies": [
            "azurerm_resource_group.Tarun-VM1",
            "azurerm_storage_account.SG1"
          ]
        }
      ]
    },
    {
      "mode": "managed",
      "type": "azurerm_subnet",
      "name": "Tarun-SN1",
      "provider": "provider[\"registry.terraform.io/hashicorp/azurerm\"]",
      "instances": [
        {
          "schema_version": 0,
          "attributes": {
            "address_prefixes": [
              "10.0.2.0/24"
            ],
            "delegation": [],
            "enforce_private_link_endpoint_network_policies": false,
            "enforce_private_link_service_network_policies": false,
            "id": "/subscriptions/108d3ac6-0908-4ce2-9c56-97e9fc7745df/resourceGroups/Tarun-VM1/providers/Microsoft.Network/virtualNetworks/Tarun-VN1/subnets/Tarun-SN1",
            "name": "Tarun-SN1",
            "private_endpoint_network_policies_enabled": true,
            "private_link_service_network_policies_enabled": true,
            "resource_group_name": "Tarun-VM1",
            "service_endpoint_policy_ids": [],
            "service_endpoints": [],
            "timeouts": null,
            "virtual_network_name": "Tarun-VN1"
          },
          "sensitive_attributes": [],
          "private": "eyJlMmJmYjczMC1lY2FhLTExZTYtOGY4OC0zNDM2M2JjN2M0YzAiOnsiY3JlYXRlIjoxODAwMDAwMDAwMDAwLCJkZWxldGUiOjE4MDAwMDAwMDAwMDAsInJlYWQiOjMwMDAwMDAwMDAwMCwidXBkYXRlIjoxODAwMDAwMDAwMDAwfX0=",
          "dependencies": [
            "azurerm_resource_group.Tarun-VM1",
            "azurerm_virtual_network.Tarun-VN1"
          ]
        }
      ]
    },
    {
      "mode": "managed",
      "type": "azurerm_virtual_machine_data_disk_attachment",
      "name": "Tarun-DA1",
      "provider": "provider[\"registry.terraform.io/hashicorp/azurerm\"]",
      "instances": [
        {
          "schema_version": 0,
          "attributes": {
            "caching": "ReadWrite",
            "create_option": "Attach",
            "id": "/subscriptions/108d3ac6-0908-4ce2-9c56-97e9fc7745df/resourceGroups/Tarun-VM1/providers/Microsoft.Compute/virtualMachines/Tarun-WVM1/dataDisks/Tarun-VM-SG1",
            "lun": 0,
            "managed_disk_id": "/subscriptions/108d3ac6-0908-4ce2-9c56-97e9fc7745df/resourceGroups/Tarun-VM1/providers/Microsoft.Compute/disks/Tarun-VM-SG1",
            "timeouts": null,
            "virtual_machine_id": "/subscriptions/108d3ac6-0908-4ce2-9c56-97e9fc7745df/resourceGroups/Tarun-VM1/providers/Microsoft.Compute/virtualMachines/Tarun-WVM1",
            "write_accelerator_enabled": false
          },
          "sensitive_attributes": [],
          "private": "eyJlMmJmYjczMC1lY2FhLTExZTYtOGY4OC0zNDM2M2JjN2M0YzAiOnsiY3JlYXRlIjoxODAwMDAwMDAwMDAwLCJkZWxldGUiOjE4MDAwMDAwMDAwMDAsInJlYWQiOjMwMDAwMDAwMDAwMCwidXBkYXRlIjoxODAwMDAwMDAwMDAwfX0=",
          "dependencies": [
            "azurerm_availability_set.Tarun-AS1",
            "azurerm_managed_disk.Tarun-VM-SG1",
            "azurerm_network_interface.Tarun-NI1",
            "azurerm_public_ip.Tarun-PIP1",
            "azurerm_resource_group.Tarun-VM1",
            "azurerm_subnet.Tarun-SN1",
            "azurerm_virtual_network.Tarun-VN1",
            "azurerm_windows_virtual_machine.Tarun-WVM1"
          ]
        }
      ]
    },
    {
      "mode": "managed",
      "type": "azurerm_virtual_network",
      "name": "Tarun-VN1",
      "provider": "provider[\"registry.terraform.io/hashicorp/azurerm\"]",
      "instances": [
        {
          "schema_version": 0,
          "attributes": {
            "address_space": [
              "10.0.0.0/16"
            ],
            "bgp_community": "",
            "ddos_protection_plan": [],
            "dns_servers": [],
            "edge_zone": "",
            "flow_timeout_in_minutes": 0,
            "guid": "66a75a80-6e3b-43f6-8fd4-f95d26a80708",
            "id": "/subscriptions/108d3ac6-0908-4ce2-9c56-97e9fc7745df/resourceGroups/Tarun-VM1/providers/Microsoft.Network/virtualNetworks/Tarun-VN1",
            "location": "uksouth",
            "name": "Tarun-VN1",
            "resource_group_name": "Tarun-VM1",
            "subnet": [
              {
                "address_prefix": "10.0.2.0/24",
                "id": "/subscriptions/108d3ac6-0908-4ce2-9c56-97e9fc7745df/resourceGroups/Tarun-VM1/providers/Microsoft.Network/virtualNetworks/Tarun-VN1/subnets/Tarun-SN1",
                "name": "Tarun-SN1",
                "security_group": ""
              }
            ],
            "tags": {},
            "timeouts": null
          },
          "sensitive_attributes": [],
          "private": "eyJlMmJmYjczMC1lY2FhLTExZTYtOGY4OC0zNDM2M2JjN2M0YzAiOnsiY3JlYXRlIjoxODAwMDAwMDAwMDAwLCJkZWxldGUiOjE4MDAwMDAwMDAwMDAsInJlYWQiOjMwMDAwMDAwMDAwMCwidXBkYXRlIjoxODAwMDAwMDAwMDAwfX0=",
          "dependencies": [
            "azurerm_resource_group.Tarun-VM1"
          ]
        }
      ]
    },
    {
      "mode": "managed",
      "type": "azurerm_windows_virtual_machine",
      "name": "Tarun-WVM1",
      "provider": "provider[\"registry.terraform.io/hashicorp/azurerm\"]",
      "instances": [
        {
          "schema_version": 0,
          "attributes": {
            "additional_capabilities": [],
            "additional_unattend_content": [],
            "admin_password": "P@ssword1777",
            "admin_username": "tarunVM1",
            "allow_extension_operations": true,
            "availability_set_id": "/subscriptions/108d3ac6-0908-4ce2-9c56-97e9fc7745df/resourceGroups/Tarun-VM1/providers/Microsoft.Compute/availabilitySets/TARUN-AS1",
            "boot_diagnostics": [],
            "capacity_reservation_group_id": "",
            "computer_name": "Tarun-WVM1",
            "custom_data": null,
            "dedicated_host_group_id": "",
            "dedicated_host_id": "",
            "edge_zone": "",
            "enable_automatic_updates": true,
            "encryption_at_host_enabled": false,
            "eviction_policy": "",
            "extensions_time_budget": "PT1H30M",
            "gallery_application": [],
            "hotpatching_enabled": false,
            "id": "/subscriptions/108d3ac6-0908-4ce2-9c56-97e9fc7745df/resourceGroups/Tarun-VM1/providers/Microsoft.Compute/virtualMachines/Tarun-WVM1",
            "identity": [],
            "license_type": "",
            "location": "uksouth",
            "max_bid_price": -1,
            "name": "Tarun-WVM1",
            "network_interface_ids": [
              "/subscriptions/108d3ac6-0908-4ce2-9c56-97e9fc7745df/resourceGroups/Tarun-VM1/providers/Microsoft.Network/networkInterfaces/Tarun-NI1"
            ],
            "os_disk": [
              {
                "caching": "ReadWrite",
                "diff_disk_settings": [],
                "disk_encryption_set_id": "",
                "disk_size_gb": 127,
                "name": "Tarun-WVM1_OsDisk_1_9e43d55643974e62a649f01b7597d227",
                "secure_vm_disk_encryption_set_id": "",
                "security_encryption_type": "",
                "storage_account_type": "Standard_LRS",
                "write_accelerator_enabled": false
              }
            ],
            "patch_assessment_mode": "ImageDefault",
            "patch_mode": "AutomaticByOS",
            "plan": [],
            "platform_fault_domain": -1,
            "priority": "Regular",
            "private_ip_address": "10.0.2.4",
            "private_ip_addresses": [
              "10.0.2.4"
            ],
            "provision_vm_agent": true,
            "proximity_placement_group_id": "",
            "public_ip_address": "20.117.100.65",
            "public_ip_addresses": [
              "20.117.100.65"
            ],
            "resource_group_name": "Tarun-VM1",
            "secret": [],
            "secure_boot_enabled": false,
            "size": "Standard_B1s",
            "source_image_id": "",
            "source_image_reference": [
              {
                "offer": "WindowsServer",
                "publisher": "MicrosoftWindowsServer",
                "sku": "2019-Datacenter",
                "version": "latest"
              }
            ],
            "tags": {},
            "termination_notification": [],
            "timeouts": null,
            "timezone": "",
            "user_data": "",
            "virtual_machine_id": "ef71abeb-4aa9-43d7-9b0a-bac0bf9fe0d0",
            "virtual_machine_scale_set_id": "",
            "vtpm_enabled": false,
            "winrm_listener": [],
            "zone": ""
          },
          "sensitive_attributes": [],
          "private": "eyJlMmJmYjczMC1lY2FhLTExZTYtOGY4OC0zNDM2M2JjN2M0YzAiOnsiY3JlYXRlIjoyNzAwMDAwMDAwMDAwLCJkZWxldGUiOjI3MDAwMDAwMDAwMDAsInJlYWQiOjMwMDAwMDAwMDAwMCwidXBkYXRlIjoyNzAwMDAwMDAwMDAwfX0=",
          "dependencies": [
            "azurerm_availability_set.Tarun-AS1",
            "azurerm_network_interface.Tarun-NI1",
            "azurerm_public_ip.Tarun-PIP1",
            "azurerm_resource_group.Tarun-VM1",
            "azurerm_subnet.Tarun-SN1",
            "azurerm_virtual_network.Tarun-VN1"
          ]
        }
      ]
    }
  ],
  "check_results": null
}
